
Microsoft Visual Studio Solution File, Format Version 12.00
# Visual Studio 2013
VisualStudioVersion = 12.0.40629.0
MinimumVisualStudioVersion = 10.0.40219.1
Project("{FAE04EC0-301F-11D3-BF4B-00C04F79EFBC}") = "WebTool", "WebTool\WebTool.csproj", "{D45E5829-9254-439A-8435-BF04D2D2F4BF}"
EndProject
Project("{FAE04EC0-301F-11D3-BF4B-00C04F79EFBC}") = "WebToolCulture", "WebToolCulture\WebToolCulture.csproj", "{38CD1CD2-3DEB-43BB-B649-E4D0CB2644CC}"
EndProject
Project("{FAE04EC0-301F-11D3-BF4B-00C04F79EFBC}") = "Utilities", "Utilities\Utilities.csproj", "{C458CE84-5BB1-4A0E-AD8A-3E6FA7B9901F}"
EndProject
Project("{FAE04EC0-301F-11D3-BF4B-00C04F79EFBC}") = "WebToolService", "Service\WebToolService\WebToolService.csproj", "{C4C2F800-0F47-424F-92FE-1C37E850C1CA}"
EndProject
Project("{FAE04EC0-301F-11D3-BF4B-00C04F79EFBC}") = "WebToolRepository", "DataAccess\WebToolRepository.csproj", "{E91055A3-4DFC-478A-A3D6-79D0B581C4D5}"
EndProject
Project("{2150E333-8FDC-42A3-9474-1A3956D46DE8}") = "Service", "Service", "{E8E11C5E-35DD-4669-AC27-AA3710D29790}"
EndProject
Project("{2150E333-8FDC-42A3-9474-1A3956D46DE8}") = "DataAccess", "DataAccess", "{EBFB0BFE-39D6-4E5B-B5B0-2CEBF1BB0107}"
EndProject
Project("{2150E333-8FDC-42A3-9474-1A3956D46DE8}") = "Test", "Test", "{8DC7BF8A-BF29-45B3-A1BA-5B71BD2E7216}"
EndProject
Project("{2150E333-8FDC-42A3-9474-1A3956D46DE8}") = "Tools", "Tools", "{D6AE36BD-4E08-4438-BCD9-F56D469B962D}"
EndProject
Project("{2150E333-8FDC-42A3-9474-1A3956D46DE8}") = "WebSite", "WebSite", "{4A66FF73-DA7F-472C-A775-4DADD9DEBDBF}"
EndProject
Project("{2150E333-8FDC-42A3-9474-1A3956D46DE8}") = "Solution Items", "Solution Items", "{586D9A19-DF26-48C1-96BA-B361277FB8F2}"
	ProjectSection(SolutionItems) = preProject
		Local.testsettings = Local.testsettings
		WE-browsers.xml = WE-browsers.xml
		WebTool.vsmdi = WebTool.vsmdi
	EndProjectSection
EndProject
Project("{FAE04EC0-301F-11D3-BF4B-00C04F79EFBC}") = "BDD", "Test\BDD\BDD.csproj", "{AAEB490B-63FE-4FAD-9F85-1024D965519D}"
EndProject
Project("{2150E333-8FDC-42A3-9474-1A3956D46DE8}") = ".nuget", ".nuget", "{3D1D49B1-B47F-4FC7-B250-BB5AF3122E71}"
	ProjectSection(SolutionItems) = preProject
		.nuget\NuGet.Config = .nuget\NuGet.Config
		.nuget\NuGet.exe = .nuget\NuGet.exe
		.nuget\NuGet.targets = .nuget\NuGet.targets
		.nuget\packages.config = .nuget\packages.config
	EndProjectSection
EndProject
Project("{FAE04EC0-301F-11D3-BF4B-00C04F79EFBC}") = "Specflow.Common", "Test\Specflow.Common\Specflow.Common.csproj", "{E3495109-C2AA-4383-B968-235F994F5095}"
EndProject
Project("{FAE04EC0-301F-11D3-BF4B-00C04F79EFBC}") = "Jasmine", "Test\Jasmine\Jasmine.csproj", "{79C37AC4-9BD1-4D15-898A-F17E8B423728}"
EndProject
Project("{FAE04EC0-301F-11D3-BF4B-00C04F79EFBC}") = "WebToolService.Test", "Test\WebToolService.Test\WebToolService.Test.csproj", "{B857C674-DC05-4277-A25F-5BDA8904AF82}"
EndProject
Project("{FAE04EC0-301F-11D3-BF4B-00C04F79EFBC}") = "DependencyInjection", "DependencyInjection\DependencyInjection\DependencyInjection.csproj", "{EC2D780F-FA49-442A-A7E7-172951BFFAE0}"
EndProject
Project("{FAE04EC0-301F-11D3-BF4B-00C04F79EFBC}") = "Utilities.Test", "Test\Utilities.Test\Utilities.Test.csproj", "{48887263-4522-4FE7-B3CF-4BCF420C0CC1}"
EndProject
Global
	GlobalSection(SolutionConfigurationPlatforms) = preSolution
		Debug|Any CPU = Debug|Any CPU
		PhantomJS|Any CPU = PhantomJS|Any CPU
		Release|Any CPU = Release|Any CPU
		Test|Any CPU = Test|Any CPU
	EndGlobalSection
	GlobalSection(ProjectConfigurationPlatforms) = postSolution
		{D45E5829-9254-439A-8435-BF04D2D2F4BF}.Debug|Any CPU.ActiveCfg = Debug|Any CPU
		{D45E5829-9254-439A-8435-BF04D2D2F4BF}.Debug|Any CPU.Build.0 = Debug|Any CPU
		{D45E5829-9254-439A-8435-BF04D2D2F4BF}.PhantomJS|Any CPU.ActiveCfg = Release|Any CPU
		{D45E5829-9254-439A-8435-BF04D2D2F4BF}.PhantomJS|Any CPU.Build.0 = Release|Any CPU
		{D45E5829-9254-439A-8435-BF04D2D2F4BF}.Release|Any CPU.ActiveCfg = Release|Any CPU
		{D45E5829-9254-439A-8435-BF04D2D2F4BF}.Release|Any CPU.Build.0 = Release|Any CPU
		{D45E5829-9254-439A-8435-BF04D2D2F4BF}.Test|Any CPU.ActiveCfg = Debug|Any CPU
		{D45E5829-9254-439A-8435-BF04D2D2F4BF}.Test|Any CPU.Build.0 = Debug|Any CPU
		{38CD1CD2-3DEB-43BB-B649-E4D0CB2644CC}.Debug|Any CPU.ActiveCfg = Debug|Any CPU
		{38CD1CD2-3DEB-43BB-B649-E4D0CB2644CC}.Debug|Any CPU.Build.0 = Debug|Any CPU
		{38CD1CD2-3DEB-43BB-B649-E4D0CB2644CC}.PhantomJS|Any CPU.ActiveCfg = Release|Any CPU
		{38CD1CD2-3DEB-43BB-B649-E4D0CB2644CC}.PhantomJS|Any CPU.Build.0 = Release|Any CPU
		{38CD1CD2-3DEB-43BB-B649-E4D0CB2644CC}.Release|Any CPU.ActiveCfg = Release|Any CPU
		{38CD1CD2-3DEB-43BB-B649-E4D0CB2644CC}.Release|Any CPU.Build.0 = Release|Any CPU
		{38CD1CD2-3DEB-43BB-B649-E4D0CB2644CC}.Test|Any CPU.ActiveCfg = Debug|Any CPU
		{C458CE84-5BB1-4A0E-AD8A-3E6FA7B9901F}.Debug|Any CPU.ActiveCfg = Debug|Any CPU
		{C458CE84-5BB1-4A0E-AD8A-3E6FA7B9901F}.Debug|Any CPU.Build.0 = Debug|Any CPU
		{C458CE84-5BB1-4A0E-AD8A-3E6FA7B9901F}.PhantomJS|Any CPU.ActiveCfg = Release|Any CPU
		{C458CE84-5BB1-4A0E-AD8A-3E6FA7B9901F}.PhantomJS|Any CPU.Build.0 = Release|Any CPU
		{C458CE84-5BB1-4A0E-AD8A-3E6FA7B9901F}.Release|Any CPU.ActiveCfg = Release|Any CPU
		{C458CE84-5BB1-4A0E-AD8A-3E6FA7B9901F}.Release|Any CPU.Build.0 = Release|Any CPU
		{C458CE84-5BB1-4A0E-AD8A-3E6FA7B9901F}.Test|Any CPU.ActiveCfg = Debug|Any CPU
		{C4C2F800-0F47-424F-92FE-1C37E850C1CA}.Debug|Any CPU.ActiveCfg = Debug|Any CPU
		{C4C2F800-0F47-424F-92FE-1C37E850C1CA}.Debug|Any CPU.Build.0 = Debug|Any CPU
		{C4C2F800-0F47-424F-92FE-1C37E850C1CA}.PhantomJS|Any CPU.ActiveCfg = Release|Any CPU
		{C4C2F800-0F47-424F-92FE-1C37E850C1CA}.PhantomJS|Any CPU.Build.0 = Release|Any CPU
		{C4C2F800-0F47-424F-92FE-1C37E850C1CA}.Release|Any CPU.ActiveCfg = Release|Any CPU
		{C4C2F800-0F47-424F-92FE-1C37E850C1CA}.Release|Any CPU.Build.0 = Release|Any CPU
		{C4C2F800-0F47-424F-92FE-1C37E850C1CA}.Test|Any CPU.ActiveCfg = Debug|Any CPU
		{E91055A3-4DFC-478A-A3D6-79D0B581C4D5}.Debug|Any CPU.ActiveCfg = Debug|Any CPU
		{E91055A3-4DFC-478A-A3D6-79D0B581C4D5}.Debug|Any CPU.Build.0 = Debug|Any CPU
		{E91055A3-4DFC-478A-A3D6-79D0B581C4D5}.PhantomJS|Any CPU.ActiveCfg = Release|Any CPU
		{E91055A3-4DFC-478A-A3D6-79D0B581C4D5}.PhantomJS|Any CPU.Build.0 = Release|Any CPU
		{E91055A3-4DFC-478A-A3D6-79D0B581C4D5}.Release|Any CPU.ActiveCfg = Release|Any CPU
		{E91055A3-4DFC-478A-A3D6-79D0B581C4D5}.Release|Any CPU.Build.0 = Release|Any CPU
		{E91055A3-4DFC-478A-A3D6-79D0B581C4D5}.Test|Any CPU.ActiveCfg = Debug|Any CPU
		{AAEB490B-63FE-4FAD-9F85-1024D965519D}.Debug|Any CPU.ActiveCfg = Debug|Any CPU
		{AAEB490B-63FE-4FAD-9F85-1024D965519D}.Debug|Any CPU.Build.0 = Debug|Any CPU
		{AAEB490B-63FE-4FAD-9F85-1024D965519D}.PhantomJS|Any CPU.ActiveCfg = Release|Any CPU
		{AAEB490B-63FE-4FAD-9F85-1024D965519D}.PhantomJS|Any CPU.Build.0 = Release|Any CPU
		{AAEB490B-63FE-4FAD-9F85-1024D965519D}.Release|Any CPU.ActiveCfg = Release|Any CPU
		{AAEB490B-63FE-4FAD-9F85-1024D965519D}.Release|Any CPU.Build.0 = Release|Any CPU
		{AAEB490B-63FE-4FAD-9F85-1024D965519D}.Test|Any CPU.ActiveCfg = Debug|Any CPU
		{E3495109-C2AA-4383-B968-235F994F5095}.Debug|Any CPU.ActiveCfg = Debug|Any CPU
		{E3495109-C2AA-4383-B968-235F994F5095}.Debug|Any CPU.Build.0 = Debug|Any CPU
		{E3495109-C2AA-4383-B968-235F994F5095}.PhantomJS|Any CPU.ActiveCfg = PhantomJS|Any CPU
		{E3495109-C2AA-4383-B968-235F994F5095}.PhantomJS|Any CPU.Build.0 = PhantomJS|Any CPU
		{E3495109-C2AA-4383-B968-235F994F5095}.Release|Any CPU.ActiveCfg = Release|Any CPU
		{E3495109-C2AA-4383-B968-235F994F5095}.Release|Any CPU.Build.0 = Release|Any CPU
		{E3495109-C2AA-4383-B968-235F994F5095}.Test|Any CPU.ActiveCfg = PhantomJS|Any CPU
		{E3495109-C2AA-4383-B968-235F994F5095}.Test|Any CPU.Build.0 = PhantomJS|Any CPU
		{79C37AC4-9BD1-4D15-898A-F17E8B423728}.Debug|Any CPU.ActiveCfg = Debug|Any CPU
		{79C37AC4-9BD1-4D15-898A-F17E8B423728}.Debug|Any CPU.Build.0 = Debug|Any CPU
		{79C37AC4-9BD1-4D15-898A-F17E8B423728}.PhantomJS|Any CPU.ActiveCfg = Release|Any CPU
		{79C37AC4-9BD1-4D15-898A-F17E8B423728}.PhantomJS|Any CPU.Build.0 = Release|Any CPU
		{79C37AC4-9BD1-4D15-898A-F17E8B423728}.Release|Any CPU.ActiveCfg = Release|Any CPU
		{79C37AC4-9BD1-4D15-898A-F17E8B423728}.Release|Any CPU.Build.0 = Release|Any CPU
		{79C37AC4-9BD1-4D15-898A-F17E8B423728}.Test|Any CPU.ActiveCfg = Release|Any CPU
		{79C37AC4-9BD1-4D15-898A-F17E8B423728}.Test|Any CPU.Build.0 = Release|Any CPU
		{B857C674-DC05-4277-A25F-5BDA8904AF82}.Debug|Any CPU.ActiveCfg = Debug|Any CPU
		{B857C674-DC05-4277-A25F-5BDA8904AF82}.Debug|Any CPU.Build.0 = Debug|Any CPU
		{B857C674-DC05-4277-A25F-5BDA8904AF82}.PhantomJS|Any CPU.ActiveCfg = Release|Any CPU
		{B857C674-DC05-4277-A25F-5BDA8904AF82}.PhantomJS|Any CPU.Build.0 = Release|Any CPU
		{B857C674-DC05-4277-A25F-5BDA8904AF82}.Release|Any CPU.ActiveCfg = Release|Any CPU
		{B857C674-DC05-4277-A25F-5BDA8904AF82}.Release|Any CPU.Build.0 = Release|Any CPU
		{B857C674-DC05-4277-A25F-5BDA8904AF82}.Test|Any CPU.ActiveCfg = Release|Any CPU
		{B857C674-DC05-4277-A25F-5BDA8904AF82}.Test|Any CPU.Build.0 = Release|Any CPU
		{EC2D780F-FA49-442A-A7E7-172951BFFAE0}.Debug|Any CPU.ActiveCfg = Debug|Any CPU
		{EC2D780F-FA49-442A-A7E7-172951BFFAE0}.Debug|Any CPU.Build.0 = Debug|Any CPU
		{EC2D780F-FA49-442A-A7E7-172951BFFAE0}.PhantomJS|Any CPU.ActiveCfg = Release|Any CPU
		{EC2D780F-FA49-442A-A7E7-172951BFFAE0}.PhantomJS|Any CPU.Build.0 = Release|Any CPU
		{EC2D780F-FA49-442A-A7E7-172951BFFAE0}.Release|Any CPU.ActiveCfg = Release|Any CPU
		{EC2D780F-FA49-442A-A7E7-172951BFFAE0}.Release|Any CPU.Build.0 = Release|Any CPU
		{EC2D780F-FA49-442A-A7E7-172951BFFAE0}.Test|Any CPU.ActiveCfg = Release|Any CPU
		{EC2D780F-FA49-442A-A7E7-172951BFFAE0}.Test|Any CPU.Build.0 = Release|Any CPU
		{48887263-4522-4FE7-B3CF-4BCF420C0CC1}.Debug|Any CPU.ActiveCfg = Debug|Any CPU
		{48887263-4522-4FE7-B3CF-4BCF420C0CC1}.Debug|Any CPU.Build.0 = Debug|Any CPU
		{48887263-4522-4FE7-B3CF-4BCF420C0CC1}.PhantomJS|Any CPU.ActiveCfg = Release|Any CPU
		{48887263-4522-4FE7-B3CF-4BCF420C0CC1}.PhantomJS|Any CPU.Build.0 = Release|Any CPU
		{48887263-4522-4FE7-B3CF-4BCF420C0CC1}.Release|Any CPU.ActiveCfg = Release|Any CPU
		{48887263-4522-4FE7-B3CF-4BCF420C0CC1}.Release|Any CPU.Build.0 = Release|Any CPU
		{48887263-4522-4FE7-B3CF-4BCF420C0CC1}.Test|Any CPU.ActiveCfg = Release|Any CPU
		{48887263-4522-4FE7-B3CF-4BCF420C0CC1}.Test|Any CPU.Build.0 = Release|Any CPU
	EndGlobalSection
	GlobalSection(SolutionProperties) = preSolution
		HideSolutionNode = FALSE
	EndGlobalSection
	GlobalSection(NestedProjects) = preSolution
		{D45E5829-9254-439A-8435-BF04D2D2F4BF} = {4A66FF73-DA7F-472C-A775-4DADD9DEBDBF}
		{38CD1CD2-3DEB-43BB-B649-E4D0CB2644CC} = {D6AE36BD-4E08-4438-BCD9-F56D469B962D}
		{C458CE84-5BB1-4A0E-AD8A-3E6FA7B9901F} = {D6AE36BD-4E08-4438-BCD9-F56D469B962D}
		{C4C2F800-0F47-424F-92FE-1C37E850C1CA} = {E8E11C5E-35DD-4669-AC27-AA3710D29790}
		{E91055A3-4DFC-478A-A3D6-79D0B581C4D5} = {EBFB0BFE-39D6-4E5B-B5B0-2CEBF1BB0107}
		{D6AE36BD-4E08-4438-BCD9-F56D469B962D} = {4A66FF73-DA7F-472C-A775-4DADD9DEBDBF}
		{AAEB490B-63FE-4FAD-9F85-1024D965519D} = {8DC7BF8A-BF29-45B3-A1BA-5B71BD2E7216}
		{E3495109-C2AA-4383-B968-235F994F5095} = {8DC7BF8A-BF29-45B3-A1BA-5B71BD2E7216}
		{79C37AC4-9BD1-4D15-898A-F17E8B423728} = {8DC7BF8A-BF29-45B3-A1BA-5B71BD2E7216}
		{B857C674-DC05-4277-A25F-5BDA8904AF82} = {8DC7BF8A-BF29-45B3-A1BA-5B71BD2E7216}
		{EC2D780F-FA49-442A-A7E7-172951BFFAE0} = {D6AE36BD-4E08-4438-BCD9-F56D469B962D}
		{48887263-4522-4FE7-B3CF-4BCF420C0CC1} = {8DC7BF8A-BF29-45B3-A1BA-5B71BD2E7216}
	EndGlobalSection
	GlobalSection(TestCaseManagementSettings) = postSolution
		CategoryFile = WebTool.vsmdi
	EndGlobalSection
EndGlobal
